Microsoft Visual Studio Solution File, Format Version 12.00
# Visual Studio 16
Project("{2150E333-8FDC-42A3-9474-1A3956D46DE8}") = "CMakePredefinedTargets", "CMakePredefinedTargets", "{F4A595E7-E1C0-3BC1-A450-6BDA4A7E6157}"
EndProject
Project("{2150E333-8FDC-42A3-9474-1A3956D46DE8}") = "GLFW3", "GLFW3", "{3E90ED36-264A-312A-B379-B008EAB0CABB}"
EndProject
Project("{2150E333-8FDC-42A3-9474-1A3956D46DE8}") = "Examples", "GLFW3\Examples", "{39A4D269-D0BE-331B-B2BA-ACD0FF39E5E8}"
EndProject
Project("{2150E333-8FDC-42A3-9474-1A3956D46DE8}") = "Tests", "GLFW3\Tests", "{11C2E81B-1617-3BE0-827E-1B0F9E99BBE6}"
EndProject
Project("{8BC9CEB8-8B4A-11D0-8D11-00A0C91BC942}") = "ALL_BUILD", "ALL_BUILD.vcxproj", "{4F95D1E6-6535-3BBE-80A8-B1F10575A4DC}"
	ProjectSection(ProjectDependencies) = postProject
		{AEF617FB-2753-360E-8B37-9BF15C90F9D2} = {AEF617FB-2753-360E-8B37-9BF15C90F9D2}
		{398298BD-43D8-3D23-A3FC-71FD920DEB7E} = {398298BD-43D8-3D23-A3FC-71FD920DEB7E}
		{975D089E-1DDD-35B5-920F-F4EF41563BD7} = {975D089E-1DDD-35B5-920F-F4EF41563BD7}
		{84856452-4BD8-3494-965C-1993B40D3442} = {84856452-4BD8-3494-965C-1993B40D3442}
		{0DDF2DBA-E601-309E-9C67-17D571F43807} = {0DDF2DBA-E601-309E-9C67-17D571F43807}
		{57242B08-7529-3601-8660-D18A323E8565} = {57242B08-7529-3601-8660-D18A323E8565}
		{D1D95C08-7F76-3AE0-A27C-F1A574C7020E} = {D1D95C08-7F76-3AE0-A27C-F1A574C7020E}
		{52B6EDF6-34A7-35B5-9740-A1A954FC7D09} = {52B6EDF6-34A7-35B5-9740-A1A954FC7D09}
		{4A116CED-66E1-32F0-85F6-ABDDE469933A} = {4A116CED-66E1-32F0-85F6-ABDDE469933A}
		{25906552-E503-34C3-A396-7D283B80E0E0} = {25906552-E503-34C3-A396-7D283B80E0E0}
		{11CF68AA-DC3E-3F48-A54A-9CB2C8D293A0} = {11CF68AA-DC3E-3F48-A54A-9CB2C8D293A0}
		{007131FE-4A91-310C-A812-50EBF930A345} = {007131FE-4A91-310C-A812-50EBF930A345}
		{6484A49E-A85C-39A8-BC28-48EB649A6BFB} = {6484A49E-A85C-39A8-BC28-48EB649A6BFB}
		{52F0D8F3-F789-3D5A-81FF-3513FC60686D} = {52F0D8F3-F789-3D5A-81FF-3513FC60686D}
		{7A71E309-CE41-3B72-AA79-8FBFC327C2EA} = {7A71E309-CE41-3B72-AA79-8FBFC327C2EA}
		{5E50FC1D-AC45-322E-A2A9-5164DF1E6EA6} = {5E50FC1D-AC45-322E-A2A9-5164DF1E6EA6}
		{DF607367-8FFA-3289-A617-D9C43E62571D} = {DF607367-8FFA-3289-A617-D9C43E62571D}
		{FA45D9DD-B757-3BE0-BD9C-EAE2BC153D7D} = {FA45D9DD-B757-3BE0-BD9C-EAE2BC153D7D}
		{7EED9407-2B0C-3514-B6FA-B02E68DA1F4D} = {7EED9407-2B0C-3514-B6FA-B02E68DA1F4D}
		{6E0CEEF8-ADDD-3061-918B-E3FC8CFA1795} = {6E0CEEF8-ADDD-3061-918B-E3FC8CFA1795}
		{2BCD233D-47A2-348C-B100-BBE9D464CFC0} = {2BCD233D-47A2-348C-B100-BBE9D464CFC0}
		{051ECCEA-6E32-37FA-B6B9-642932C6F228} = {051ECCEA-6E32-37FA-B6B9-642932C6F228}
		{8D5968CB-26E6-3B6C-92ED-78F98AA52022} = {8D5968CB-26E6-3B6C-92ED-78F98AA52022}
		{A5299E7D-5EA9-3D71-86CF-C60BDCD8DCC9} = {A5299E7D-5EA9-3D71-86CF-C60BDCD8DCC9}
		{F1F5ADAD-EE0E-3175-A099-A46F3B0D8C35} = {F1F5ADAD-EE0E-3175-A099-A46F3B0D8C35}
		{E00FE497-BDA9-3D07-91B8-647FB689306A} = {E00FE497-BDA9-3D07-91B8-647FB689306A}
		{0AF0F782-8BB8-375A-90DE-B85C32916D12} = {0AF0F782-8BB8-375A-90DE-B85C32916D12}
		{9CFE1475-9EDC-30AE-8EB3-5422D04F375B} = {9CFE1475-9EDC-30AE-8EB3-5422D04F375B}
		{F6F9F4C9-C02B-3F98-B62B-1F1DB1ED53F9} = {F6F9F4C9-C02B-3F98-B62B-1F1DB1ED53F9}
		{954A4515-5A0F-3FE8-8007-8DE834712A76} = {954A4515-5A0F-3FE8-8007-8DE834712A76}
		{95332A01-4E48-314F-91EB-4EB6A03CE475} = {95332A01-4E48-314F-91EB-4EB6A03CE475}
	EndProjectSection
EndProject
Project("{8BC9CEB8-8B4A-11D0-8D11-00A0C91BC942}") = "INSTALL", "INSTALL.vcxproj", "{8DD9C3CF-C03E-3C91-AF64-6BD9CC6A54E8}"
	ProjectSection(ProjectDependencies) = postProject
		{4F95D1E6-6535-3BBE-80A8-B1F10575A4DC} = {4F95D1E6-6535-3BBE-80A8-B1F10575A4DC}
		{AEF617FB-2753-360E-8B37-9BF15C90F9D2} = {AEF617FB-2753-360E-8B37-9BF15C90F9D2}
	EndProjectSection
EndProject
Project("{8BC9CEB8-8B4A-11D0-8D11-00A0C91BC942}") = "ZERO_CHECK", "ZERO_CHECK.vcxproj", "{AEF617FB-2753-360E-8B37-9BF15C90F9D2}"
	ProjectSection(ProjectDependencies) = postProject
	EndProjectSection
EndProject
Project("{8BC9CEB8-8B4A-11D0-8D11-00A0C91BC942}") = "boing", "examples\boing.vcxproj", "{398298BD-43D8-3D23-A3FC-71FD920DEB7E}"
	ProjectSection(ProjectDependencies) = postProject
		{AEF617FB-2753-360E-8B37-9BF15C90F9D2} = {AEF617FB-2753-360E-8B37-9BF15C90F9D2}
		{4A116CED-66E1-32F0-85F6-ABDDE469933A} = {4A116CED-66E1-32F0-85F6-ABDDE469933A}
	EndProjectSection
EndProject
Project("{8BC9CEB8-8B4A-11D0-8D11-00A0C91BC942}") = "clipboard", "tests\clipboard.vcxproj", "{975D089E-1DDD-35B5-920F-F4EF41563BD7}"
	ProjectSection(ProjectDependencies) = postProject
		{AEF617FB-2753-360E-8B37-9BF15C90F9D2} = {AEF617FB-2753-360E-8B37-9BF15C90F9D2}
		{4A116CED-66E1-32F0-85F6-ABDDE469933A} = {4A116CED-66E1-32F0-85F6-ABDDE469933A}
	EndProjectSection
EndProject
Project("{8BC9CEB8-8B4A-11D0-8D11-00A0C91BC942}") = "cursor", "tests\cursor.vcxproj", "{84856452-4BD8-3494-965C-1993B40D3442}"
	ProjectSection(ProjectDependencies) = postProject
		{AEF617FB-2753-360E-8B37-9BF15C90F9D2} = {AEF617FB-2753-360E-8B37-9BF15C90F9D2}
		{4A116CED-66E1-32F0-85F6-ABDDE469933A} = {4A116CED-66E1-32F0-85F6-ABDDE469933A}
	EndProjectSection
EndProject
Project("{8BC9CEB8-8B4A-11D0-8D11-00A0C91BC942}") = "empty", "tests\empty.vcxproj", "{0DDF2DBA-E601-309E-9C67-17D571F43807}"
	ProjectSection(ProjectDependencies) = postProject
		{AEF617FB-2753-360E-8B37-9BF15C90F9D2} = {AEF617FB-2753-360E-8B37-9BF15C90F9D2}
		{4A116CED-66E1-32F0-85F6-ABDDE469933A} = {4A116CED-66E1-32F0-85F6-ABDDE469933A}
	EndProjectSection
EndProject
Project("{8BC9CEB8-8B4A-11D0-8D11-00A0C91BC942}") = "events", "tests\events.vcxproj", "{57242B08-7529-3601-8660-D18A323E8565}"
	ProjectSection(ProjectDependencies) = postProject
		{AEF617FB-2753-360E-8B37-9BF15C90F9D2} = {AEF617FB-2753-360E-8B37-9BF15C90F9D2}
		{4A116CED-66E1-32F0-85F6-ABDDE469933A} = {4A116CED-66E1-32F0-85F6-ABDDE469933A}
	EndProjectSection
EndProject
Project("{8BC9CEB8-8B4A-11D0-8D11-00A0C91BC942}") = "gamma", "tests\gamma.vcxproj", "{D1D95C08-7F76-3AE0-A27C-F1A574C7020E}"
	ProjectSection(ProjectDependencies) = postProject
		{AEF617FB-2753-360E-8B37-9BF15C90F9D2} = {AEF617FB-2753-360E-8B37-9BF15C90F9D2}
		{4A116CED-66E1-32F0-85F6-ABDDE469933A} = {4A116CED-66E1-32F0-85F6-ABDDE469933A}
	EndProjectSection
EndProject
Project("{8BC9CEB8-8B4A-11D0-8D11-00A0C91BC942}") = "gears", "examples\gears.vcxproj", "{52B6EDF6-34A7-35B5-9740-A1A954FC7D09}"
	ProjectSection(ProjectDependencies) = postProject
		{AEF617FB-2753-360E-8B37-9BF15C90F9D2} = {AEF617FB-2753-360E-8B37-9BF15C90F9D2}
		{4A116CED-66E1-32F0-85F6-ABDDE469933A} = {4A116CED-66E1-32F0-85F6-ABDDE469933A}
	EndProjectSection
EndProject
Project("{8BC9CEB8-8B4A-11D0-8D11-00A0C91BC942}") = "glfw", "src\glfw.vcxproj", "{4A116CED-66E1-32F0-85F6-ABDDE469933A}"
	ProjectSection(ProjectDependencies) = postProject
		{AEF617FB-2753-360E-8B37-9BF15C90F9D2} = {AEF617FB-2753-360E-8B37-9BF15C90F9D2}
	EndProjectSection
EndProject
Project("{8BC9CEB8-8B4A-11D0-8D11-00A0C91BC942}") = "glfwinfo", "tests\glfwinfo.vcxproj", "{25906552-E503-34C3-A396-7D283B80E0E0}"
	ProjectSection(ProjectDependencies) = postProject
		{AEF617FB-2753-360E-8B37-9BF15C90F9D2} = {AEF617FB-2753-360E-8B37-9BF15C90F9D2}
		{4A116CED-66E1-32F0-85F6-ABDDE469933A} = {4A116CED-66E1-32F0-85F6-ABDDE469933A}
	EndProjectSection
EndProject
Project("{8BC9CEB8-8B4A-11D0-8D11-00A0C91BC942}") = "heightmap", "examples\heightmap.vcxproj", "{11CF68AA-DC3E-3F48-A54A-9CB2C8D293A0}"
	ProjectSection(ProjectDependencies) = postProject
		{AEF617FB-2753-360E-8B37-9BF15C90F9D2} = {AEF617FB-2753-360E-8B37-9BF15C90F9D2}
		{4A116CED-66E1-32F0-85F6-ABDDE469933A} = {4A116CED-66E1-32F0-85F6-ABDDE469933A}
	EndProjectSection
EndProject
Project("{8BC9CEB8-8B4A-11D0-8D11-00A0C91BC942}") = "icon", "tests\icon.vcxproj", "{007131FE-4A91-310C-A812-50EBF930A345}"
	ProjectSection(ProjectDependencies) = postProject
		{AEF617FB-2753-360E-8B37-9BF15C90F9D2} = {AEF617FB-2753-360E-8B37-9BF15C90F9D2}
		{4A116CED-66E1-32F0-85F6-ABDDE469933A} = {4A116CED-66E1-32F0-85F6-ABDDE469933A}
	EndProjectSection
EndProject
Project("{8BC9CEB8-8B4A-11D0-8D11-00A0C91BC942}") = "iconify", "tests\iconify.vcxproj", "{6484A49E-A85C-39A8-BC28-48EB649A6BFB}"
	ProjectSection(ProjectDependencies) = postProject
		{AEF617FB-2753-360E-8B37-9BF15C90F9D2} = {AEF617FB-2753-360E-8B37-9BF15C90F9D2}
		{4A116CED-66E1-32F0-85F6-ABDDE469933A} = {4A116CED-66E1-32F0-85F6-ABDDE469933A}
	EndProjectSection
EndProject
Project("{8BC9CEB8-8B4A-11D0-8D11-00A0C91BC942}") = "inputlag", "tests\inputlag.vcxproj", "{52F0D8F3-F789-3D5A-81FF-3513FC60686D}"
	ProjectSection(ProjectDependencies) = postProject
		{AEF617FB-2753-360E-8B37-9BF15C90F9D2} = {AEF617FB-2753-360E-8B37-9BF15C90F9D2}
		{4A116CED-66E1-32F0-85F6-ABDDE469933A} = {4A116CED-66E1-32F0-85F6-ABDDE469933A}
	EndProjectSection
EndProject
Project("{8BC9CEB8-8B4A-11D0-8D11-00A0C91BC942}") = "joysticks", "tests\joysticks.vcxproj", "{7A71E309-CE41-3B72-AA79-8FBFC327C2EA}"
	ProjectSection(ProjectDependencies) = postProject
		{AEF617FB-2753-360E-8B37-9BF15C90F9D2} = {AEF617FB-2753-360E-8B37-9BF15C90F9D2}
		{4A116CED-66E1-32F0-85F6-ABDDE469933A} = {4A116CED-66E1-32F0-85F6-ABDDE469933A}
	EndProjectSection
EndProject
Project("{8BC9CEB8-8B4A-11D0-8D11-00A0C91BC942}") = "monitors", "tests\monitors.vcxproj", "{5E50FC1D-AC45-322E-A2A9-5164DF1E6EA6}"
	ProjectSection(ProjectDependencies) = postProject
		{AEF617FB-2753-360E-8B37-9BF15C90F9D2} = {AEF617FB-2753-360E-8B37-9BF15C90F9D2}
		{4A116CED-66E1-32F0-85F6-ABDDE469933A} = {4A116CED-66E1-32F0-85F6-ABDDE469933A}
	EndProjectSection
EndProject
Project("{8BC9CEB8-8B4A-11D0-8D11-00A0C91BC942}") = "msaa", "tests\msaa.vcxproj", "{DF607367-8FFA-3289-A617-D9C43E62571D}"
	ProjectSection(ProjectDependencies) = postProject
		{AEF617FB-2753-360E-8B37-9BF15C90F9D2} = {AEF617FB-2753-360E-8B37-9BF15C90F9D2}
		{4A116CED-66E1-32F0-85F6-ABDDE469933A} = {4A116CED-66E1-32F0-85F6-ABDDE469933A}
	EndProjectSection
EndProject
Project("{8BC9CEB8-8B4A-11D0-8D11-00A0C91BC942}") = "offscreen", "examples\offscreen.vcxproj", "{FA45D9DD-B757-3BE0-BD9C-EAE2BC153D7D}"
	ProjectSection(ProjectDependencies) = postProject
		{AEF617FB-2753-360E-8B37-9BF15C90F9D2} = {AEF617FB-2753-360E-8B37-9BF15C90F9D2}
		{4A116CED-66E1-32F0-85F6-ABDDE469933A} = {4A116CED-66E1-32F0-85F6-ABDDE469933A}
	EndProjectSection
EndProject
Project("{8BC9CEB8-8B4A-11D0-8D11-00A0C91BC942}") = "opacity", "tests\opacity.vcxproj", "{7EED9407-2B0C-3514-B6FA-B02E68DA1F4D}"
	ProjectSection(ProjectDependencies) = postProject
		{AEF617FB-2753-360E-8B37-9BF15C90F9D2} = {AEF617FB-2753-360E-8B37-9BF15C90F9D2}
		{4A116CED-66E1-32F0-85F6-ABDDE469933A} = {4A116CED-66E1-32F0-85F6-ABDDE469933A}
	EndProjectSection
EndProject
Project("{8BC9CEB8-8B4A-11D0-8D11-00A0C91BC942}") = "particles", "examples\particles.vcxproj", "{6E0CEEF8-ADDD-3061-918B-E3FC8CFA1795}"
	ProjectSection(ProjectDependencies) = postProject
		{AEF617FB-2753-360E-8B37-9BF15C90F9D2} = {AEF617FB-2753-360E-8B37-9BF15C90F9D2}
		{4A116CED-66E1-32F0-85F6-ABDDE469933A} = {4A116CED-66E1-32F0-85F6-ABDDE469933A}
	EndProjectSection
EndProject
Project("{8BC9CEB8-8B4A-11D0-8D11-00A0C91BC942}") = "reopen", "tests\reopen.vcxproj", "{2BCD233D-47A2-348C-B100-BBE9D464CFC0}"
	ProjectSection(ProjectDependencies) = postProject
		{AEF617FB-2753-360E-8B37-9BF15C90F9D2} = {AEF617FB-2753-360E-8B37-9BF15C90F9D2}
		{4A116CED-66E1-32F0-85F6-ABDDE469933A} = {4A116CED-66E1-32F0-85F6-ABDDE469933A}
	EndProjectSection
EndProject
Project("{8BC9CEB8-8B4A-11D0-8D11-00A0C91BC942}") = "sharing", "examples\sharing.vcxproj", "{051ECCEA-6E32-37FA-B6B9-642932C6F228}"
	ProjectSection(ProjectDependencies) = postProject
		{AEF617FB-2753-360E-8B37-9BF15C90F9D2} = {AEF617FB-2753-360E-8B37-9BF15C90F9D2}
		{4A116CED-66E1-32F0-85F6-ABDDE469933A} = {4A116CED-66E1-32F0-85F6-ABDDE469933A}
	EndProjectSection
EndProject
Project("{8BC9CEB8-8B4A-11D0-8D11-00A0C91BC942}") = "simple", "examples\simple.vcxproj", "{8D5968CB-26E6-3B6C-92ED-78F98AA52022}"
	ProjectSection(ProjectDependencies) = postProject
		{AEF617FB-2753-360E-8B37-9BF15C90F9D2} = {AEF617FB-2753-360E-8B37-9BF15C90F9D2}
		{4A116CED-66E1-32F0-85F6-ABDDE469933A} = {4A116CED-66E1-32F0-85F6-ABDDE469933A}
	EndProjectSection
EndProject
Project("{8BC9CEB8-8B4A-11D0-8D11-00A0C91BC942}") = "splitview", "examples\splitview.vcxproj", "{A5299E7D-5EA9-3D71-86CF-C60BDCD8DCC9}"
	ProjectSection(ProjectDependencies) = postProject
		{AEF617FB-2753-360E-8B37-9BF15C90F9D2} = {AEF617FB-2753-360E-8B37-9BF15C90F9D2}
		{4A116CED-66E1-32F0-85F6-ABDDE469933A} = {4A116CED-66E1-32F0-85F6-ABDDE469933A}
	EndProjectSection
EndProject
Project("{8BC9CEB8-8B4A-11D0-8D11-00A0C91BC942}") = "tearing", "tests\tearing.vcxproj", "{F1F5ADAD-EE0E-3175-A099-A46F3B0D8C35}"
	ProjectSection(ProjectDependencies) = postProject
		{AEF617FB-2753-360E-8B37-9BF15C90F9D2} = {AEF617FB-2753-360E-8B37-9BF15C90F9D2}
		{4A116CED-66E1-32F0-85F6-ABDDE469933A} = {4A116CED-66E1-32F0-85F6-ABDDE469933A}
	EndProjectSection
EndProject
Project("{8BC9CEB8-8B4A-11D0-8D11-00A0C91BC942}") = "threads", "tests\threads.vcxproj", "{E00FE497-BDA9-3D07-91B8-647FB689306A}"
	ProjectSection(ProjectDependencies) = postProject
		{AEF617FB-2753-360E-8B37-9BF15C90F9D2} = {AEF617FB-2753-360E-8B37-9BF15C90F9D2}
		{4A116CED-66E1-32F0-85F6-ABDDE469933A} = {4A116CED-66E1-32F0-85F6-ABDDE469933A}
	EndProjectSection
EndProject
Project("{8BC9CEB8-8B4A-11D0-8D11-00A0C91BC942}") = "timeout", "tests\timeout.vcxproj", "{0AF0F782-8BB8-375A-90DE-B85C32916D12}"
	ProjectSection(ProjectDependencies) = postProject
		{AEF617FB-2753-360E-8B37-9BF15C90F9D2} = {AEF617FB-2753-360E-8B37-9BF15C90F9D2}
		{4A116CED-66E1-32F0-85F6-ABDDE469933A} = {4A116CED-66E1-32F0-85F6-ABDDE469933A}
	EndProjectSection
EndProject
Project("{8BC9CEB8-8B4A-11D0-8D11-00A0C91BC942}") = "title", "tests\title.vcxproj", "{9CFE1475-9EDC-30AE-8EB3-5422D04F375B}"
	ProjectSection(ProjectDependencies) = postProject
		{AEF617FB-2753-360E-8B37-9BF15C90F9D2} = {AEF617FB-2753-360E-8B37-9BF15C90F9D2}
		{4A116CED-66E1-32F0-85F6-ABDDE469933A} = {4A116CED-66E1-32F0-85F6-ABDDE469933A}
	EndProjectSection
EndProject
Project("{8BC9CEB8-8B4A-11D0-8D11-00A0C91BC942}") = "triangle-vulkan", "tests\triangle-vulkan.vcxproj", "{F6F9F4C9-C02B-3F98-B62B-1F1DB1ED53F9}"
	ProjectSection(ProjectDependencies) = postProject
		{AEF617FB-2753-360E-8B37-9BF15C90F9D2} = {AEF617FB-2753-360E-8B37-9BF15C90F9D2}
		{4A116CED-66E1-32F0-85F6-ABDDE469933A} = {4A116CED-66E1-32F0-85F6-ABDDE469933A}
	EndProjectSection
EndProject
Project("{8BC9CEB8-8B4A-11D0-8D11-00A0C91BC942}") = "uninstall", "uninstall.vcxproj", "{523AD7F4-AD9A-3E7D-A708-416CCEB75F1C}"
	ProjectSection(ProjectDependencies) = postProject
		{AEF617FB-2753-360E-8B37-9BF15C90F9D2} = {AEF617FB-2753-360E-8B37-9BF15C90F9D2}
	EndProjectSection
EndProject
Project("{8BC9CEB8-8B4A-11D0-8D11-00A0C91BC942}") = "wave", "examples\wave.vcxproj", "{954A4515-5A0F-3FE8-8007-8DE834712A76}"
	ProjectSection(ProjectDependencies) = postProject
		{AEF617FB-2753-360E-8B37-9BF15C90F9D2} = {AEF617FB-2753-360E-8B37-9BF15C90F9D2}
		{4A116CED-66E1-32F0-85F6-ABDDE469933A} = {4A116CED-66E1-32F0-85F6-ABDDE469933A}
	EndProjectSection
EndProject
Project("{8BC9CEB8-8B4A-11D0-8D11-00A0C91BC942}") = "windows", "tests\windows.vcxproj", "{95332A01-4E48-314F-91EB-4EB6A03CE475}"
	ProjectSection(ProjectDependencies) = postProject
		{AEF617FB-2753-360E-8B37-9BF15C90F9D2} = {AEF617FB-2753-360E-8B37-9BF15C90F9D2}
		{4A116CED-66E1-32F0-85F6-ABDDE469933A} = {4A116CED-66E1-32F0-85F6-ABDDE469933A}
	EndProjectSection
EndProject
Global
	GlobalSection(SolutionConfigurationPlatforms) = preSolution
		Debug|x64 = Debug|x64
		Release|x64 = Release|x64
		MinSizeRel|x64 = MinSizeRel|x64
		RelWithDebInfo|x64 = RelWithDebInfo|x64
	EndGlobalSection
	GlobalSection(ProjectConfigurationPlatforms) = postSolution
		{4F95D1E6-6535-3BBE-80A8-B1F10575A4DC}.Debug|x64.ActiveCfg = Debug|x64
		{4F95D1E6-6535-3BBE-80A8-B1F10575A4DC}.Debug|x64.Build.0 = Debug|x64
		{4F95D1E6-6535-3BBE-80A8-B1F10575A4DC}.Release|x64.ActiveCfg = Release|x64
		{4F95D1E6-6535-3BBE-80A8-B1F10575A4DC}.Release|x64.Build.0 = Release|x64
		{4F95D1E6-6535-3BBE-80A8-B1F10575A4DC}.MinSizeRel|x64.ActiveCfg = MinSizeRel|x64
		{4F95D1E6-6535-3BBE-80A8-B1F10575A4DC}.MinSizeRel|x64.Build.0 = MinSizeRel|x64
		{4F95D1E6-6535-3BBE-80A8-B1F10575A4DC}.RelWithDebInfo|x64.ActiveCfg = RelWithDebInfo|x64
		{4F95D1E6-6535-3BBE-80A8-B1F10575A4DC}.RelWithDebInfo|x64.Build.0 = RelWithDebInfo|x64
		{8DD9C3CF-C03E-3C91-AF64-6BD9CC6A54E8}.Debug|x64.ActiveCfg = Debug|x64
		{8DD9C3CF-C03E-3C91-AF64-6BD9CC6A54E8}.Release|x64.ActiveCfg = Release|x64
		{8DD9C3CF-C03E-3C91-AF64-6BD9CC6A54E8}.MinSizeRel|x64.ActiveCfg = MinSizeRel|x64
		{8DD9C3CF-C03E-3C91-AF64-6BD9CC6A54E8}.RelWithDebInfo|x64.ActiveCfg = RelWithDebInfo|x64
		{AEF617FB-2753-360E-8B37-9BF15C90F9D2}.Debug|x64.ActiveCfg = Debug|x64
		{AEF617FB-2753-360E-8B37-9BF15C90F9D2}.Debug|x64.Build.0 = Debug|x64
		{AEF617FB-2753-360E-8B37-9BF15C90F9D2}.Release|x64.ActiveCfg = Release|x64
		{AEF617FB-2753-360E-8B37-9BF15C90F9D2}.Release|x64.Build.0 = Release|x64
		{AEF617FB-2753-360E-8B37-9BF15C90F9D2}.MinSizeRel|x64.ActiveCfg = MinSizeRel|x64
		{AEF617FB-2753-360E-8B37-9BF15C90F9D2}.MinSizeRel|x64.Build.0 = MinSizeRel|x64
		{AEF617FB-2753-360E-8B37-9BF15C90F9D2}.RelWithDebInfo|x64.ActiveCfg = RelWithDebInfo|x64
		{AEF617FB-2753-360E-8B37-9BF15C90F9D2}.RelWithDebInfo|x64.Build.0 = RelWithDebInfo|x64
		{398298BD-43D8-3D23-A3FC-71FD920DEB7E}.Debug|x64.ActiveCfg = Debug|x64
		{398298BD-43D8-3D23-A3FC-71FD920DEB7E}.Debug|x64.Build.0 = Debug|x64
		{398298BD-43D8-3D23-A3FC-71FD920DEB7E}.Release|x64.ActiveCfg = Release|x64
		{398298BD-43D8-3D23-A3FC-71FD920DEB7E}.Release|x64.Build.0 = Release|x64
		{398298BD-43D8-3D23-A3FC-71FD920DEB7E}.MinSizeRel|x64.ActiveCfg = MinSizeRel|x64
		{398298BD-43D8-3D23-A3FC-71FD920DEB7E}.MinSizeRel|x64.Build.0 = MinSizeRel|x64
		{398298BD-43D8-3D23-A3FC-71FD920DEB7E}.RelWithDebInfo|x64.ActiveCfg = RelWithDebInfo|x64
		{398298BD-43D8-3D23-A3FC-71FD920DEB7E}.RelWithDebInfo|x64.Build.0 = RelWithDebInfo|x64
		{975D089E-1DDD-35B5-920F-F4EF41563BD7}.Debug|x64.ActiveCfg = Debug|x64
		{975D089E-1DDD-35B5-920F-F4EF41563BD7}.Debug|x64.Build.0 = Debug|x64
		{975D089E-1DDD-35B5-920F-F4EF41563BD7}.Release|x64.ActiveCfg = Release|x64
		{975D089E-1DDD-35B5-920F-F4EF41563BD7}.Release|x64.Build.0 = Release|x64
		{975D089E-1DDD-35B5-920F-F4EF41563BD7}.MinSizeRel|x64.ActiveCfg = MinSizeRel|x64
		{975D089E-1DDD-35B5-920F-F4EF41563BD7}.MinSizeRel|x64.Build.0 = MinSizeRel|x64
		{975D089E-1DDD-35B5-920F-F4EF41563BD7}.RelWithDebInfo|x64.ActiveCfg = RelWithDebInfo|x64
		{975D089E-1DDD-35B5-920F-F4EF41563BD7}.RelWithDebInfo|x64.Build.0 = RelWithDebInfo|x64
		{84856452-4BD8-3494-965C-1993B40D3442}.Debug|x64.ActiveCfg = Debug|x64
		{84856452-4BD8-3494-965C-1993B40D3442}.Debug|x64.Build.0 = Debug|x64
		{84856452-4BD8-3494-965C-1993B40D3442}.Release|x64.ActiveCfg = Release|x64
		{84856452-4BD8-3494-965C-1993B40D3442}.Release|x64.Build.0 = Release|x64
		{84856452-4BD8-3494-965C-1993B40D3442}.MinSizeRel|x64.ActiveCfg = MinSizeRel|x64
		{84856452-4BD8-3494-965C-1993B40D3442}.MinSizeRel|x64.Build.0 = MinSizeRel|x64
		{84856452-4BD8-3494-965C-1993B40D3442}.RelWithDebInfo|x64.ActiveCfg = RelWithDebInfo|x64
		{84856452-4BD8-3494-965C-1993B40D3442}.RelWithDebInfo|x64.Build.0 = RelWithDebInfo|x64
		{0DDF2DBA-E601-309E-9C67-17D571F43807}.Debug|x64.ActiveCfg = Debug|x64
		{0DDF2DBA-E601-309E-9C67-17D571F43807}.Debug|x64.Build.0 = Debug|x64
		{0DDF2DBA-E601-309E-9C67-17D571F43807}.Release|x64.ActiveCfg = Release|x64
		{0DDF2DBA-E601-309E-9C67-17D571F43807}.Release|x64.Build.0 = Release|x64
		{0DDF2DBA-E601-309E-9C67-17D571F43807}.MinSizeRel|x64.ActiveCfg = MinSizeRel|x64
		{0DDF2DBA-E601-309E-9C67-17D571F43807}.MinSizeRel|x64.Build.0 = MinSizeRel|x64
		{0DDF2DBA-E601-309E-9C67-17D571F43807}.RelWithDebInfo|x64.ActiveCfg = RelWithDebInfo|x64
		{0DDF2DBA-E601-309E-9C67-17D571F43807}.RelWithDebInfo|x64.Build.0 = RelWithDebInfo|x64
		{57242B08-7529-3601-8660-D18A323E8565}.Debug|x64.ActiveCfg = Debug|x64
		{57242B08-7529-3601-8660-D18A323E8565}.Debug|x64.Build.0 = Debug|x64
		{57242B08-7529-3601-8660-D18A323E8565}.Release|x64.ActiveCfg = Release|x64
		{57242B08-7529-3601-8660-D18A323E8565}.Release|x64.Build.0 = Release|x64
		{57242B08-7529-3601-8660-D18A323E8565}.MinSizeRel|x64.ActiveCfg = MinSizeRel|x64
		{57242B08-7529-3601-8660-D18A323E8565}.MinSizeRel|x64.Build.0 = MinSizeRel|x64
		{57242B08-7529-3601-8660-D18A323E8565}.RelWithDebInfo|x64.ActiveCfg = RelWithDebInfo|x64
		{57242B08-7529-3601-8660-D18A323E8565}.RelWithDebInfo|x64.Build.0 = RelWithDebInfo|x64
		{D1D95C08-7F76-3AE0-A27C-F1A574C7020E}.Debug|x64.ActiveCfg = Debug|x64
		{D1D95C08-7F76-3AE0-A27C-F1A574C7020E}.Debug|x64.Build.0 = Debug|x64
		{D1D95C08-7F76-3AE0-A27C-F1A574C7020E}.Release|x64.ActiveCfg = Release|x64
		{D1D95C08-7F76-3AE0-A27C-F1A574C7020E}.Release|x64.Build.0 = Release|x64
		{D1D95C08-7F76-3AE0-A27C-F1A574C7020E}.MinSizeRel|x64.ActiveCfg = MinSizeRel|x64
		{D1D95C08-7F76-3AE0-A27C-F1A574C7020E}.MinSizeRel|x64.Build.0 = MinSizeRel|x64
		{D1D95C08-7F76-3AE0-A27C-F1A574C7020E}.RelWithDebInfo|x64.ActiveCfg = RelWithDebInfo|x64
		{D1D95C08-7F76-3AE0-A27C-F1A574C7020E}.RelWithDebInfo|x64.Build.0 = RelWithDebInfo|x64
		{52B6EDF6-34A7-35B5-9740-A1A954FC7D09}.Debug|x64.ActiveCfg = Debug|x64
		{52B6EDF6-34A7-35B5-9740-A1A954FC7D09}.Debug|x64.Build.0 = Debug|x64
		{52B6EDF6-34A7-35B5-9740-A1A954FC7D09}.Release|x64.ActiveCfg = Release|x64
		{52B6EDF6-34A7-35B5-9740-A1A954FC7D09}.Release|x64.Build.0 = Release|x64
		{52B6EDF6-34A7-35B5-9740-A1A954FC7D09}.MinSizeRel|x64.ActiveCfg = MinSizeRel|x64
		{52B6EDF6-34A7-35B5-9740-A1A954FC7D09}.MinSizeRel|x64.Build.0 = MinSizeRel|x64
		{52B6EDF6-34A7-35B5-9740-A1A954FC7D09}.RelWithDebInfo|x64.ActiveCfg = RelWithDebInfo|x64
		{52B6EDF6-34A7-35B5-9740-A1A954FC7D09}.RelWithDebInfo|x64.Build.0 = RelWithDebInfo|x64
		{4A116CED-66E1-32F0-85F6-ABDDE469933A}.Debug|x64.ActiveCfg = Debug|x64
		{4A116CED-66E1-32F0-85F6-ABDDE469933A}.Debug|x64.Build.0 = Debug|x64
		{4A116CED-66E1-32F0-85F6-ABDDE469933A}.Release|x64.ActiveCfg = Release|x64
		{4A116CED-66E1-32F0-85F6-ABDDE469933A}.Release|x64.Build.0 = Release|x64
		{4A116CED-66E1-32F0-85F6-ABDDE469933A}.MinSizeRel|x64.ActiveCfg = MinSizeRel|x64
		{4A116CED-66E1-32F0-85F6-ABDDE469933A}.MinSizeRel|x64.Build.0 = MinSizeRel|x64
		{4A116CED-66E1-32F0-85F6-ABDDE469933A}.RelWithDebInfo|x64.ActiveCfg = RelWithDebInfo|x64
		{4A116CED-66E1-32F0-85F6-ABDDE469933A}.RelWithDebInfo|x64.Build.0 = RelWithDebInfo|x64
		{25906552-E503-34C3-A396-7D283B80E0E0}.Debug|x64.ActiveCfg = Debug|x64
		{25906552-E503-34C3-A396-7D283B80E0E0}.Debug|x64.Build.0 = Debug|x64
		{25906552-E503-34C3-A396-7D283B80E0E0}.Release|x64.ActiveCfg = Release|x64
		{25906552-E503-34C3-A396-7D283B80E0E0}.Release|x64.Build.0 = Release|x64
		{25906552-E503-34C3-A396-7D283B80E0E0}.MinSizeRel|x64.ActiveCfg = MinSizeRel|x64
		{25906552-E503-34C3-A396-7D283B80E0E0}.MinSizeRel|x64.Build.0 = MinSizeRel|x64
		{25906552-E503-34C3-A396-7D283B80E0E0}.RelWithDebInfo|x64.ActiveCfg = RelWithDebInfo|x64
		{25906552-E503-34C3-A396-7D283B80E0E0}.RelWithDebInfo|x64.Build.0 = RelWithDebInfo|x64
		{11CF68AA-DC3E-3F48-A54A-9CB2C8D293A0}.Debug|x64.ActiveCfg = Debug|x64
		{11CF68AA-DC3E-3F48-A54A-9CB2C8D293A0}.Debug|x64.Build.0 = Debug|x64
		{11CF68AA-DC3E-3F48-A54A-9CB2C8D293A0}.Release|x64.ActiveCfg = Release|x64
		{11CF68AA-DC3E-3F48-A54A-9CB2C8D293A0}.Release|x64.Build.0 = Release|x64
		{11CF68AA-DC3E-3F48-A54A-9CB2C8D293A0}.MinSizeRel|x64.ActiveCfg = MinSizeRel|x64
		{11CF68AA-DC3E-3F48-A54A-9CB2C8D293A0}.MinSizeRel|x64.Build.0 = MinSizeRel|x64
		{11CF68AA-DC3E-3F48-A54A-9CB2C8D293A0}.RelWithDebInfo|x64.ActiveCfg = RelWithDebInfo|x64
		{11CF68AA-DC3E-3F48-A54A-9CB2C8D293A0}.RelWithDebInfo|x64.Build.0 = RelWithDebInfo|x64
		{007131FE-4A91-310C-A812-50EBF930A345}.Debug|x64.ActiveCfg = Debug|x64
		{007131FE-4A91-310C-A812-50EBF930A345}.Debug|x64.Build.0 = Debug|x64
		{007131FE-4A91-310C-A812-50EBF930A345}.Release|x64.ActiveCfg = Release|x64
		{007131FE-4A91-310C-A812-50EBF930A345}.Release|x64.Build.0 = Release|x64
		{007131FE-4A91-310C-A812-50EBF930A345}.MinSizeRel|x64.ActiveCfg = MinSizeRel|x64
		{007131FE-4A91-310C-A812-50EBF930A345}.MinSizeRel|x64.Build.0 = MinSizeRel|x64
		{007131FE-4A91-310C-A812-50EBF930A345}.RelWithDebInfo|x64.ActiveCfg = RelWithDebInfo|x64
		{007131FE-4A91-310C-A812-50EBF930A345}.RelWithDebInfo|x64.Build.0 = RelWithDebInfo|x64
		{6484A49E-A85C-39A8-BC28-48EB649A6BFB}.Debug|x64.ActiveCfg = Debug|x64
		{6484A49E-A85C-39A8-BC28-48EB649A6BFB}.Debug|x64.Build.0 = Debug|x64
		{6484A49E-A85C-39A8-BC28-48EB649A6BFB}.Release|x64.ActiveCfg = Release|x64
		{6484A49E-A85C-39A8-BC28-48EB649A6BFB}.Release|x64.Build.0 = Release|x64
		{6484A49E-A85C-39A8-BC28-48EB649A6BFB}.MinSizeRel|x64.ActiveCfg = MinSizeRel|x64
		{6484A49E-A85C-39A8-BC28-48EB649A6BFB}.MinSizeRel|x64.Build.0 = MinSizeRel|x64
		{6484A49E-A85C-39A8-BC28-48EB649A6BFB}.RelWithDebInfo|x64.ActiveCfg = RelWithDebInfo|x64
		{6484A49E-A85C-39A8-BC28-48EB649A6BFB}.RelWithDebInfo|x64.Build.0 = RelWithDebInfo|x64
		{52F0D8F3-F789-3D5A-81FF-3513FC60686D}.Debug|x64.ActiveCfg = Debug|x64
		{52F0D8F3-F789-3D5A-81FF-3513FC60686D}.Debug|x64.Build.0 = Debug|x64
		{52F0D8F3-F789-3D5A-81FF-3513FC60686D}.Release|x64.ActiveCfg = Release|x64
		{52F0D8F3-F789-3D5A-81FF-3513FC60686D}.Release|x64.Build.0 = Release|x64
		{52F0D8F3-F789-3D5A-81FF-3513FC60686D}.MinSizeRel|x64.ActiveCfg = MinSizeRel|x64
		{52F0D8F3-F789-3D5A-81FF-3513FC60686D}.MinSizeRel|x64.Build.0 = MinSizeRel|x64
		{52F0D8F3-F789-3D5A-81FF-3513FC60686D}.RelWithDebInfo|x64.ActiveCfg = RelWithDebInfo|x64
		{52F0D8F3-F789-3D5A-81FF-3513FC60686D}.RelWithDebInfo|x64.Build.0 = RelWithDebInfo|x64
		{7A71E309-CE41-3B72-AA79-8FBFC327C2EA}.Debug|x64.ActiveCfg = Debug|x64
		{7A71E309-CE41-3B72-AA79-8FBFC327C2EA}.Debug|x64.Build.0 = Debug|x64
		{7A71E309-CE41-3B72-AA79-8FBFC327C2EA}.Release|x64.ActiveCfg = Release|x64
		{7A71E309-CE41-3B72-AA79-8FBFC327C2EA}.Release|x64.Build.0 = Release|x64
		{7A71E309-CE41-3B72-AA79-8FBFC327C2EA}.MinSizeRel|x64.ActiveCfg = MinSizeRel|x64
		{7A71E309-CE41-3B72-AA79-8FBFC327C2EA}.MinSizeRel|x64.Build.0 = MinSizeRel|x64
		{7A71E309-CE41-3B72-AA79-8FBFC327C2EA}.RelWithDebInfo|x64.ActiveCfg = RelWithDebInfo|x64
		{7A71E309-CE41-3B72-AA79-8FBFC327C2EA}.RelWithDebInfo|x64.Build.0 = RelWithDebInfo|x64
		{5E50FC1D-AC45-322E-A2A9-5164DF1E6EA6}.Debug|x64.ActiveCfg = Debug|x64
		{5E50FC1D-AC45-322E-A2A9-5164DF1E6EA6}.Debug|x64.Build.0 = Debug|x64
		{5E50FC1D-AC45-322E-A2A9-5164DF1E6EA6}.Release|x64.ActiveCfg = Release|x64
		{5E50FC1D-AC45-322E-A2A9-5164DF1E6EA6}.Release|x64.Build.0 = Release|x64
		{5E50FC1D-AC45-322E-A2A9-5164DF1E6EA6}.MinSizeRel|x64.ActiveCfg = MinSizeRel|x64
		{5E50FC1D-AC45-322E-A2A9-5164DF1E6EA6}.MinSizeRel|x64.Build.0 = MinSizeRel|x64
		{5E50FC1D-AC45-322E-A2A9-5164DF1E6EA6}.RelWithDebInfo|x64.ActiveCfg = RelWithDebInfo|x64
		{5E50FC1D-AC45-322E-A2A9-5164DF1E6EA6}.RelWithDebInfo|x64.Build.0 = RelWithDebInfo|x64
		{DF607367-8FFA-3289-A617-D9C43E62571D}.Debug|x64.ActiveCfg = Debug|x64
		{DF607367-8FFA-3289-A617-D9C43E62571D}.Debug|x64.Build.0 = Debug|x64
		{DF607367-8FFA-3289-A617-D9C43E62571D}.Release|x64.ActiveCfg = Release|x64
		{DF607367-8FFA-3289-A617-D9C43E62571D}.Release|x64.Build.0 = Release|x64
		{DF607367-8FFA-3289-A617-D9C43E62571D}.MinSizeRel|x64.ActiveCfg = MinSizeRel|x64
		{DF607367-8FFA-3289-A617-D9C43E62571D}.MinSizeRel|x64.Build.0 = MinSizeRel|x64
		{DF607367-8FFA-3289-A617-D9C43E62571D}.RelWithDebInfo|x64.ActiveCfg = RelWithDebInfo|x64
		{DF607367-8FFA-3289-A617-D9C43E62571D}.RelWithDebInfo|x64.Build.0 = RelWithDebInfo|x64
		{FA45D9DD-B757-3BE0-BD9C-EAE2BC153D7D}.Debug|x64.ActiveCfg = Debug|x64
		{FA45D9DD-B757-3BE0-BD9C-EAE2BC153D7D}.Debug|x64.Build.0 = Debug|x64
		{FA45D9DD-B757-3BE0-BD9C-EAE2BC153D7D}.Release|x64.ActiveCfg = Release|x64
		{FA45D9DD-B757-3BE0-BD9C-EAE2BC153D7D}.Release|x64.Build.0 = Release|x64
		{FA45D9DD-B757-3BE0-BD9C-EAE2BC153D7D}.MinSizeRel|x64.ActiveCfg = MinSizeRel|x64
		{FA45D9DD-B757-3BE0-BD9C-EAE2BC153D7D}.MinSizeRel|x64.Build.0 = MinSizeRel|x64
		{FA45D9DD-B757-3BE0-BD9C-EAE2BC153D7D}.RelWithDebInfo|x64.ActiveCfg = RelWithDebInfo|x64
		{FA45D9DD-B757-3BE0-BD9C-EAE2BC153D7D}.RelWithDebInfo|x64.Build.0 = RelWithDebInfo|x64
		{7EED9407-2B0C-3514-B6FA-B02E68DA1F4D}.Debug|x64.ActiveCfg = Debug|x64
		{7EED9407-2B0C-3514-B6FA-B02E68DA1F4D}.Debug|x64.Build.0 = Debug|x64
		{7EED9407-2B0C-3514-B6FA-B02E68DA1F4D}.Release|x64.ActiveCfg = Release|x64
		{7EED9407-2B0C-3514-B6FA-B02E68DA1F4D}.Release|x64.Build.0 = Release|x64
		{7EED9407-2B0C-3514-B6FA-B02E68DA1F4D}.MinSizeRel|x64.ActiveCfg = MinSizeRel|x64
		{7EED9407-2B0C-3514-B6FA-B02E68DA1F4D}.MinSizeRel|x64.Build.0 = MinSizeRel|x64
		{7EED9407-2B0C-3514-B6FA-B02E68DA1F4D}.RelWithDebInfo|x64.ActiveCfg = RelWithDebInfo|x64
		{7EED9407-2B0C-3514-B6FA-B02E68DA1F4D}.RelWithDebInfo|x64.Build.0 = RelWithDebInfo|x64
		{6E0CEEF8-ADDD-3061-918B-E3FC8CFA1795}.Debug|x64.ActiveCfg = Debug|x64
		{6E0CEEF8-ADDD-3061-918B-E3FC8CFA1795}.Debug|x64.Build.0 = Debug|x64
		{6E0CEEF8-ADDD-3061-918B-E3FC8CFA1795}.Release|x64.ActiveCfg = Release|x64
		{6E0CEEF8-ADDD-3061-918B-E3FC8CFA1795}.Release|x64.Build.0 = Release|x64
		{6E0CEEF8-ADDD-3061-918B-E3FC8CFA1795}.MinSizeRel|x64.ActiveCfg = MinSizeRel|x64
		{6E0CEEF8-ADDD-3061-918B-E3FC8CFA1795}.MinSizeRel|x64.Build.0 = MinSizeRel|x64
		{6E0CEEF8-ADDD-3061-918B-E3FC8CFA1795}.RelWithDebInfo|x64.ActiveCfg = RelWithDebInfo|x64
		{6E0CEEF8-ADDD-3061-918B-E3FC8CFA1795}.RelWithDebInfo|x64.Build.0 = RelWithDebInfo|x64
		{2BCD233D-47A2-348C-B100-BBE9D464CFC0}.Debug|x64.ActiveCfg = Debug|x64
		{2BCD233D-47A2-348C-B100-BBE9D464CFC0}.Debug|x64.Build.0 = Debug|x64
		{2BCD233D-47A2-348C-B100-BBE9D464CFC0}.Release|x64.ActiveCfg = Release|x64
		{2BCD233D-47A2-348C-B100-BBE9D464CFC0}.Release|x64.Build.0 = Release|x64
		{2BCD233D-47A2-348C-B100-BBE9D464CFC0}.MinSizeRel|x64.ActiveCfg = MinSizeRel|x64
		{2BCD233D-47A2-348C-B100-BBE9D464CFC0}.MinSizeRel|x64.Build.0 = MinSizeRel|x64
		{2BCD233D-47A2-348C-B100-BBE9D464CFC0}.RelWithDebInfo|x64.ActiveCfg = RelWithDebInfo|x64
		{2BCD233D-47A2-348C-B100-BBE9D464CFC0}.RelWithDebInfo|x64.Build.0 = RelWithDebInfo|x64
		{051ECCEA-6E32-37FA-B6B9-642932C6F228}.Debug|x64.ActiveCfg = Debug|x64
		{051ECCEA-6E32-37FA-B6B9-642932C6F228}.Debug|x64.Build.0 = Debug|x64
		{051ECCEA-6E32-37FA-B6B9-642932C6F228}.Release|x64.ActiveCfg = Release|x64
		{051ECCEA-6E32-37FA-B6B9-642932C6F228}.Release|x64.Build.0 = Release|x64
		{051ECCEA-6E32-37FA-B6B9-642932C6F228}.MinSizeRel|x64.ActiveCfg = MinSizeRel|x64
		{051ECCEA-6E32-37FA-B6B9-642932C6F228}.MinSizeRel|x64.Build.0 = MinSizeRel|x64
		{051ECCEA-6E32-37FA-B6B9-642932C6F228}.RelWithDebInfo|x64.ActiveCfg = RelWithDebInfo|x64
		{051ECCEA-6E32-37FA-B6B9-642932C6F228}.RelWithDebInfo|x64.Build.0 = RelWithDebInfo|x64
		{8D5968CB-26E6-3B6C-92ED-78F98AA52022}.Debug|x64.ActiveCfg = Debug|x64
		{8D5968CB-26E6-3B6C-92ED-78F98AA52022}.Debug|x64.Build.0 = Debug|x64
		{8D5968CB-26E6-3B6C-92ED-78F98AA52022}.Release|x64.ActiveCfg = Release|x64
		{8D5968CB-26E6-3B6C-92ED-78F98AA52022}.Release|x64.Build.0 = Release|x64
		{8D5968CB-26E6-3B6C-92ED-78F98AA52022}.MinSizeRel|x64.ActiveCfg = MinSizeRel|x64
		{8D5968CB-26E6-3B6C-92ED-78F98AA52022}.MinSizeRel|x64.Build.0 = MinSizeRel|x64
		{8D5968CB-26E6-3B6C-92ED-78F98AA52022}.RelWithDebInfo|x64.ActiveCfg = RelWithDebInfo|x64
		{8D5968CB-26E6-3B6C-92ED-78F98AA52022}.RelWithDebInfo|x64.Build.0 = RelWithDebInfo|x64
		{A5299E7D-5EA9-3D71-86CF-C60BDCD8DCC9}.Debug|x64.ActiveCfg = Debug|x64
		{A5299E7D-5EA9-3D71-86CF-C60BDCD8DCC9}.Debug|x64.Build.0 = Debug|x64
		{A5299E7D-5EA9-3D71-86CF-C60BDCD8DCC9}.Release|x64.ActiveCfg = Release|x64
		{A5299E7D-5EA9-3D71-86CF-C60BDCD8DCC9}.Release|x64.Build.0 = Release|x64
		{A5299E7D-5EA9-3D71-86CF-C60BDCD8DCC9}.MinSizeRel|x64.ActiveCfg = MinSizeRel|x64
		{A5299E7D-5EA9-3D71-86CF-C60BDCD8DCC9}.MinSizeRel|x64.Build.0 = MinSizeRel|x64
		{A5299E7D-5EA9-3D71-86CF-C60BDCD8DCC9}.RelWithDebInfo|x64.ActiveCfg = RelWithDebInfo|x64
		{A5299E7D-5EA9-3D71-86CF-C60BDCD8DCC9}.RelWithDebInfo|x64.Build.0 = RelWithDebInfo|x64
		{F1F5ADAD-EE0E-3175-A099-A46F3B0D8C35}.Debug|x64.ActiveCfg = Debug|x64
		{F1F5ADAD-EE0E-3175-A099-A46F3B0D8C35}.Debug|x64.Build.0 = Debug|x64
		{F1F5ADAD-EE0E-3175-A099-A46F3B0D8C35}.Release|x64.ActiveCfg = Release|x64
		{F1F5ADAD-EE0E-3175-A099-A46F3B0D8C35}.Release|x64.Build.0 = Release|x64
		{F1F5ADAD-EE0E-3175-A099-A46F3B0D8C35}.MinSizeRel|x64.ActiveCfg = MinSizeRel|x64
		{F1F5ADAD-EE0E-3175-A099-A46F3B0D8C35}.MinSizeRel|x64.Build.0 = MinSizeRel|x64
		{F1F5ADAD-EE0E-3175-A099-A46F3B0D8C35}.RelWithDebInfo|x64.ActiveCfg = RelWithDebInfo|x64
		{F1F5ADAD-EE0E-3175-A099-A46F3B0D8C35}.RelWithDebInfo|x64.Build.0 = RelWithDebInfo|x64
		{E00FE497-BDA9-3D07-91B8-647FB689306A}.Debug|x64.ActiveCfg = Debug|x64
		{E00FE497-BDA9-3D07-91B8-647FB689306A}.Debug|x64.Build.0 = Debug|x64
		{E00FE497-BDA9-3D07-91B8-647FB689306A}.Release|x64.ActiveCfg = Release|x64
		{E00FE497-BDA9-3D07-91B8-647FB689306A}.Release|x64.Build.0 = Release|x64
		{E00FE497-BDA9-3D07-91B8-647FB689306A}.MinSizeRel|x64.ActiveCfg = MinSizeRel|x64
		{E00FE497-BDA9-3D07-91B8-647FB689306A}.MinSizeRel|x64.Build.0 = MinSizeRel|x64
		{E00FE497-BDA9-3D07-91B8-647FB689306A}.RelWithDebInfo|x64.ActiveCfg = RelWithDebInfo|x64
		{E00FE497-BDA9-3D07-91B8-647FB689306A}.RelWithDebInfo|x64.Build.0 = RelWithDebInfo|x64
		{0AF0F782-8BB8-375A-90DE-B85C32916D12}.Debug|x64.ActiveCfg = Debug|x64
		{0AF0F782-8BB8-375A-90DE-B85C32916D12}.Debug|x64.Build.0 = Debug|x64
		{0AF0F782-8BB8-375A-90DE-B85C32916D12}.Release|x64.ActiveCfg = Release|x64
		{0AF0F782-8BB8-375A-90DE-B85C32916D12}.Release|x64.Build.0 = Release|x64
		{0AF0F782-8BB8-375A-90DE-B85C32916D12}.MinSizeRel|x64.ActiveCfg = MinSizeRel|x64
		{0AF0F782-8BB8-375A-90DE-B85C32916D12}.MinSizeRel|x64.Build.0 = MinSizeRel|x64
		{0AF0F782-8BB8-375A-90DE-B85C32916D12}.RelWithDebInfo|x64.ActiveCfg = RelWithDebInfo|x64
		{0AF0F782-8BB8-375A-90DE-B85C32916D12}.RelWithDebInfo|x64.Build.0 = RelWithDebInfo|x64
		{9CFE1475-9EDC-30AE-8EB3-5422D04F375B}.Debug|x64.ActiveCfg = Debug|x64
		{9CFE1475-9EDC-30AE-8EB3-5422D04F375B}.Debug|x64.Build.0 = Debug|x64
		{9CFE1475-9EDC-30AE-8EB3-5422D04F375B}.Release|x64.ActiveCfg = Release|x64
		{9CFE1475-9EDC-30AE-8EB3-5422D04F375B}.Release|x64.Build.0 = Release|x64
		{9CFE1475-9EDC-30AE-8EB3-5422D04F375B}.MinSizeRel|x64.ActiveCfg = MinSizeRel|x64
		{9CFE1475-9EDC-30AE-8EB3-5422D04F375B}.MinSizeRel|x64.Build.0 = MinSizeRel|x64
		{9CFE1475-9EDC-30AE-8EB3-5422D04F375B}.RelWithDebInfo|x64.ActiveCfg = RelWithDebInfo|x64
		{9CFE1475-9EDC-30AE-8EB3-5422D04F375B}.RelWithDebInfo|x64.Build.0 = RelWithDebInfo|x64
		{F6F9F4C9-C02B-3F98-B62B-1F1DB1ED53F9}.Debug|x64.ActiveCfg = Debug|x64
		{F6F9F4C9-C02B-3F98-B62B-1F1DB1ED53F9}.Debug|x64.Build.0 = Debug|x64
		{F6F9F4C9-C02B-3F98-B62B-1F1DB1ED53F9}.Release|x64.ActiveCfg = Release|x64
		{F6F9F4C9-C02B-3F98-B62B-1F1DB1ED53F9}.Release|x64.Build.0 = Release|x64
		{F6F9F4C9-C02B-3F98-B62B-1F1DB1ED53F9}.MinSizeRel|x64.ActiveCfg = MinSizeRel|x64
		{F6F9F4C9-C02B-3F98-B62B-1F1DB1ED53F9}.MinSizeRel|x64.Build.0 = MinSizeRel|x64
		{F6F9F4C9-C02B-3F98-B62B-1F1DB1ED53F9}.RelWithDebInfo|x64.ActiveCfg = RelWithDebInfo|x64
		{F6F9F4C9-C02B-3F98-B62B-1F1DB1ED53F9}.RelWithDebInfo|x64.Build.0 = RelWithDebInfo|x64
		{523AD7F4-AD9A-3E7D-A708-416CCEB75F1C}.Debug|x64.ActiveCfg = Debug|x64
		{523AD7F4-AD9A-3E7D-A708-416CCEB75F1C}.Release|x64.ActiveCfg = Release|x64
		{523AD7F4-AD9A-3E7D-A708-416CCEB75F1C}.MinSizeRel|x64.ActiveCfg = MinSizeRel|x64
		{523AD7F4-AD9A-3E7D-A708-416CCEB75F1C}.RelWithDebInfo|x64.ActiveCfg = RelWithDebInfo|x64
		{954A4515-5A0F-3FE8-8007-8DE834712A76}.Debug|x64.ActiveCfg = Debug|x64
		{954A4515-5A0F-3FE8-8007-8DE834712A76}.Debug|x64.Build.0 = Debug|x64
		{954A4515-5A0F-3FE8-8007-8DE834712A76}.Release|x64.ActiveCfg = Release|x64
		{954A4515-5A0F-3FE8-8007-8DE834712A76}.Release|x64.Build.0 = Release|x64
		{954A4515-5A0F-3FE8-8007-8DE834712A76}.MinSizeRel|x64.ActiveCfg = MinSizeRel|x64
		{954A4515-5A0F-3FE8-8007-8DE834712A76}.MinSizeRel|x64.Build.0 = MinSizeRel|x64
		{954A4515-5A0F-3FE8-8007-8DE834712A76}.RelWithDebInfo|x64.ActiveCfg = RelWithDebInfo|x64
		{954A4515-5A0F-3FE8-8007-8DE834712A76}.RelWithDebInfo|x64.Build.0 = RelWithDebInfo|x64
		{95332A01-4E48-314F-91EB-4EB6A03CE475}.Debug|x64.ActiveCfg = Debug|x64
		{95332A01-4E48-314F-91EB-4EB6A03CE475}.Debug|x64.Build.0 = Debug|x64
		{95332A01-4E48-314F-91EB-4EB6A03CE475}.Release|x64.ActiveCfg = Release|x64
		{95332A01-4E48-314F-91EB-4EB6A03CE475}.Release|x64.Build.0 = Release|x64
		{95332A01-4E48-314F-91EB-4EB6A03CE475}.MinSizeRel|x64.ActiveCfg = MinSizeRel|x64
		{95332A01-4E48-314F-91EB-4EB6A03CE475}.MinSizeRel|x64.Build.0 = MinSizeRel|x64
		{95332A01-4E48-314F-91EB-4EB6A03CE475}.RelWithDebInfo|x64.ActiveCfg = RelWithDebInfo|x64
		{95332A01-4E48-314F-91EB-4EB6A03CE475}.RelWithDebInfo|x64.Build.0 = RelWithDebInfo|x64
	EndGlobalSection
	GlobalSection(NestedProjects) = preSolution
		{4F95D1E6-6535-3BBE-80A8-B1F10575A4DC} = {F4A595E7-E1C0-3BC1-A450-6BDA4A7E6157}
		{8DD9C3CF-C03E-3C91-AF64-6BD9CC6A54E8} = {F4A595E7-E1C0-3BC1-A450-6BDA4A7E6157}
		{AEF617FB-2753-360E-8B37-9BF15C90F9D2} = {F4A595E7-E1C0-3BC1-A450-6BDA4A7E6157}
		{39A4D269-D0BE-331B-B2BA-ACD0FF39E5E8} = {3E90ED36-264A-312A-B379-B008EAB0CABB}
		{11C2E81B-1617-3BE0-827E-1B0F9E99BBE6} = {3E90ED36-264A-312A-B379-B008EAB0CABB}
		{4A116CED-66E1-32F0-85F6-ABDDE469933A} = {3E90ED36-264A-312A-B379-B008EAB0CABB}
		{523AD7F4-AD9A-3E7D-A708-416CCEB75F1C} = {3E90ED36-264A-312A-B379-B008EAB0CABB}
		{398298BD-43D8-3D23-A3FC-71FD920DEB7E} = {39A4D269-D0BE-331B-B2BA-ACD0FF39E5E8}
		{52B6EDF6-34A7-35B5-9740-A1A954FC7D09} = {39A4D269-D0BE-331B-B2BA-ACD0FF39E5E8}
		{11CF68AA-DC3E-3F48-A54A-9CB2C8D293A0} = {39A4D269-D0BE-331B-B2BA-ACD0FF39E5E8}
		{FA45D9DD-B757-3BE0-BD9C-EAE2BC153D7D} = {39A4D269-D0BE-331B-B2BA-ACD0FF39E5E8}
		{6E0CEEF8-ADDD-3061-918B-E3FC8CFA1795} = {39A4D269-D0BE-331B-B2BA-ACD0FF39E5E8}
		{051ECCEA-6E32-37FA-B6B9-642932C6F228} = {39A4D269-D0BE-331B-B2BA-ACD0FF39E5E8}
		{8D5968CB-26E6-3B6C-92ED-78F98AA52022} = {39A4D269-D0BE-331B-B2BA-ACD0FF39E5E8}
		{A5299E7D-5EA9-3D71-86CF-C60BDCD8DCC9} = {39A4D269-D0BE-331B-B2BA-ACD0FF39E5E8}
		{954A4515-5A0F-3FE8-8007-8DE834712A76} = {39A4D269-D0BE-331B-B2BA-ACD0FF39E5E8}
		{975D089E-1DDD-35B5-920F-F4EF41563BD7} = {11C2E81B-1617-3BE0-827E-1B0F9E99BBE6}
		{84856452-4BD8-3494-965C-1993B40D3442} = {11C2E81B-1617-3BE0-827E-1B0F9E99BBE6}
		{0DDF2DBA-E601-309E-9C67-17D571F43807} = {11C2E81B-1617-3BE0-827E-1B0F9E99BBE6}
		{57242B08-7529-3601-8660-D18A323E8565} = {11C2E81B-1617-3BE0-827E-1B0F9E99BBE6}
		{D1D95C08-7F76-3AE0-A27C-F1A574C7020E} = {11C2E81B-1617-3BE0-827E-1B0F9E99BBE6}
		{25906552-E503-34C3-A396-7D283B80E0E0} = {11C2E81B-1617-3BE0-827E-1B0F9E99BBE6}
		{007131FE-4A91-310C-A812-50EBF930A345} = {11C2E81B-1617-3BE0-827E-1B0F9E99BBE6}
		{6484A49E-A85C-39A8-BC28-48EB649A6BFB} = {11C2E81B-1617-3BE0-827E-1B0F9E99BBE6}
		{52F0D8F3-F789-3D5A-81FF-3513FC60686D} = {11C2E81B-1617-3BE0-827E-1B0F9E99BBE6}
		{7A71E309-CE41-3B72-AA79-8FBFC327C2EA} = {11C2E81B-1617-3BE0-827E-1B0F9E99BBE6}
		{5E50FC1D-AC45-322E-A2A9-5164DF1E6EA6} = {11C2E81B-1617-3BE0-827E-1B0F9E99BBE6}
		{DF607367-8FFA-3289-A617-D9C43E62571D} = {11C2E81B-1617-3BE0-827E-1B0F9E99BBE6}
		{7EED9407-2B0C-3514-B6FA-B02E68DA1F4D} = {11C2E81B-1617-3BE0-827E-1B0F9E99BBE6}
		{2BCD233D-47A2-348C-B100-BBE9D464CFC0} = {11C2E81B-1617-3BE0-827E-1B0F9E99BBE6}
		{F1F5ADAD-EE0E-3175-A099-A46F3B0D8C35} = {11C2E81B-1617-3BE0-827E-1B0F9E99BBE6}
		{E00FE497-BDA9-3D07-91B8-647FB689306A} = {11C2E81B-1617-3BE0-827E-1B0F9E99BBE6}
		{0AF0F782-8BB8-375A-90DE-B85C32916D12} = {11C2E81B-1617-3BE0-827E-1B0F9E99BBE6}
		{9CFE1475-9EDC-30AE-8EB3-5422D04F375B} = {11C2E81B-1617-3BE0-827E-1B0F9E99BBE6}
		{F6F9F4C9-C02B-3F98-B62B-1F1DB1ED53F9} = {11C2E81B-1617-3BE0-827E-1B0F9E99BBE6}
		{95332A01-4E48-314F-91EB-4EB6A03CE475} = {11C2E81B-1617-3BE0-827E-1B0F9E99BBE6}
	EndGlobalSection
	GlobalSection(ExtensibilityGlobals) = postSolution
		SolutionGuid = {606A0388-E2D3-3929-A7DF-B94DE4F0C261}
	EndGlobalSection
	GlobalSection(ExtensibilityAddIns) = postSolution
	EndGlobalSection
EndGlobal
